
Microsoft Visual Studio Solution File, Format Version 12.00
# Visual Studio Version 17
VisualStudioVersion = 17.12.35527.113 d17.12
MinimumVisualStudioVersion = 10.0.40219.1
Project("{FAE04EC0-301F-11D3-BF4B-00C04F79EFBC}") = "AuthenticationApi.Domain", "AuthenticationApi.Domain\AuthenticationApi.Domain.csproj", "{5C22A26B-FC7B-47D7-B549-4A519EF7AC71}"
EndProject
Project("{FAE04EC0-301F-11D3-BF4B-00C04F79EFBC}") = "AuthenticationApi.Application", "AuthenticationApi.Application\AuthenticationApi.Application.csproj", "{C9AB506A-8555-4508-9B56-FAF40C75DF59}"
EndProject
Project("{FAE04EC0-301F-11D3-BF4B-00C04F79EFBC}") = "AuthenticationApi.Infrastructure", "AuthenticationApi.Infrastructure\AuthenticationApi.Infrastructure.csproj", "{357F6887-8FB3-4F45-8B42-9DDFE26E5761}"
EndProject
Project("{FAE04EC0-301F-11D3-BF4B-00C04F79EFBC}") = "eCommerce.SharedLibrary", "..\DemoECommerce.SharedLibrarySolution\eCommerce.SharedLibrary\eCommerce.SharedLibrary.csproj", "{02696266-839D-4A20-A04E-C9B90BBEA99D}"
EndProject
Project("{FAE04EC0-301F-11D3-BF4B-00C04F79EFBC}") = "AuthenticationApi.Presentation", "AuthenticationApi.Presentation\AuthenticationApi.Presentation.csproj", "{0EF88730-DEED-486D-B61E-C7A19D35695B}"
EndProject
Global
	GlobalSection(SolutionConfigurationPlatforms) = preSolution
		Debug|Any CPU = Debug|Any CPU
		Release|Any CPU = Release|Any CPU
	EndGlobalSection
	GlobalSection(ProjectConfigurationPlatforms) = postSolution
		{5C22A26B-FC7B-47D7-B549-4A519EF7AC71}.Debug|Any CPU.ActiveCfg = Debug|Any CPU
		{5C22A26B-FC7B-47D7-B549-4A519EF7AC71}.Debug|Any CPU.Build.0 = Debug|Any CPU
		{5C22A26B-FC7B-47D7-B549-4A519EF7AC71}.Release|Any CPU.ActiveCfg = Release|Any CPU
		{5C22A26B-FC7B-47D7-B549-4A519EF7AC71}.Release|Any CPU.Build.0 = Release|Any CPU
		{C9AB506A-8555-4508-9B56-FAF40C75DF59}.Debug|Any CPU.ActiveCfg = Debug|Any CPU
		{C9AB506A-8555-4508-9B56-FAF40C75DF59}.Debug|Any CPU.Build.0 = Debug|Any CPU
		{C9AB506A-8555-4508-9B56-FAF40C75DF59}.Release|Any CPU.ActiveCfg = Release|Any CPU
		{C9AB506A-8555-4508-9B56-FAF40C75DF59}.Release|Any CPU.Build.0 = Release|Any CPU
		{357F6887-8FB3-4F45-8B42-9DDFE26E5761}.Debug|Any CPU.ActiveCfg = Debug|Any CPU
		{357F6887-8FB3-4F45-8B42-9DDFE26E5761}.Debug|Any CPU.Build.0 = Debug|Any CPU
		{357F6887-8FB3-4F45-8B42-9DDFE26E5761}.Release|Any CPU.ActiveCfg = Release|Any CPU
		{357F6887-8FB3-4F45-8B42-9DDFE26E5761}.Release|Any CPU.Build.0 = Release|Any CPU
		{02696266-839D-4A20-A04E-C9B90BBEA99D}.Debug|Any CPU.ActiveCfg = Debug|Any CPU
		{02696266-839D-4A20-A04E-C9B90BBEA99D}.Debug|Any CPU.Build.0 = Debug|Any CPU
		{02696266-839D-4A20-A04E-C9B90BBEA99D}.Release|Any CPU.ActiveCfg = Release|Any CPU
		{02696266-839D-4A20-A04E-C9B90BBEA99D}.Release|Any CPU.Build.0 = Release|Any CPU
		{0EF88730-DEED-486D-B61E-C7A19D35695B}.Debug|Any CPU.ActiveCfg = Debug|Any CPU
		{0EF88730-DEED-486D-B61E-C7A19D35695B}.Debug|Any CPU.Build.0 = Debug|Any CPU
		{0EF88730-DEED-486D-B61E-C7A19D35695B}.Release|Any CPU.ActiveCfg = Release|Any CPU
		{0EF88730-DEED-486D-B61E-C7A19D35695B}.Release|Any CPU.Build.0 = Release|Any CPU
	EndGlobalSection
	GlobalSection(SolutionProperties) = preSolution
		HideSolutionNode = FALSE
	EndGlobalSection
EndGlobal
